
Microsoft Visual Studio Solution File, Format Version 12.00
# Visual Studio Version 16
VisualStudioVersion = 16.0.30804.86
MinimumVisualStudioVersion = 10.0.40219.1
Project("{FAE04EC0-301F-11D3-BF4B-00C04F79EFBC}") = "CryptoAlgorithms.View", "CryptoAlgorithms.View\CryptoAlgorithms.View.csproj", "{0486117A-EF41-4F6F-AA9D-8AE044AD57B8}"
EndProject
Project("{FAE04EC0-301F-11D3-BF4B-00C04F79EFBC}") = "CryptoAlgorithms.Core", "CryptoAlgorithms.Core\CryptoAlgorithms.Core.csproj", "{8DF59A39-7B8A-4804-83F5-1CB21ED08C1C}"
EndProject
Project("{FAE04EC0-301F-11D3-BF4B-00C04F79EFBC}") = "CryptoAlgorithms.Tests", "CryptoAlgorithms.Tests\CryptoAlgorithms.Tests.csproj", "{E6799692-56DE-4CCA-9E6D-319EA0EC4F56}"
EndProject
Global
	GlobalSection(SolutionConfigurationPlatforms) = preSolution
		Debug|Any CPU = Debug|Any CPU
		Release|Any CPU = Release|Any CPU
	EndGlobalSection
	GlobalSection(ProjectConfigurationPlatforms) = postSolution
		{0486117A-EF41-4F6F-AA9D-8AE044AD57B8}.Debug|Any CPU.ActiveCfg = Debug|Any CPU
		{0486117A-EF41-4F6F-AA9D-8AE044AD57B8}.Debug|Any CPU.Build.0 = Debug|Any CPU
		{0486117A-EF41-4F6F-AA9D-8AE044AD57B8}.Release|Any CPU.ActiveCfg = Release|Any CPU
		{0486117A-EF41-4F6F-AA9D-8AE044AD57B8}.Release|Any CPU.Build.0 = Release|Any CPU
		{8DF59A39-7B8A-4804-83F5-1CB21ED08C1C}.Debug|Any CPU.ActiveCfg = Debug|Any CPU
		{8DF59A39-7B8A-4804-83F5-1CB21ED08C1C}.Debug|Any CPU.Build.0 = Debug|Any CPU
		{8DF59A39-7B8A-4804-83F5-1CB21ED08C1C}.Release|Any CPU.ActiveCfg = Release|Any CPU
		{8DF59A39-7B8A-4804-83F5-1CB21ED08C1C}.Release|Any CPU.Build.0 = Release|Any CPU
		{E6799692-56DE-4CCA-9E6D-319EA0EC4F56}.Debug|Any CPU.ActiveCfg = Debug|Any CPU
		{E6799692-56DE-4CCA-9E6D-319EA0EC4F56}.Debug|Any CPU.Build.0 = Debug|Any CPU
		{E6799692-56DE-4CCA-9E6D-319EA0EC4F56}.Release|Any CPU.ActiveCfg = Release|Any CPU
		{E6799692-56DE-4CCA-9E6D-319EA0EC4F56}.Release|Any CPU.Build.0 = Release|Any CPU
	EndGlobalSection
	GlobalSection(SolutionProperties) = preSolution
		HideSolutionNode = FALSE
	EndGlobalSection
	GlobalSection(ExtensibilityGlobals) = postSolution
		SolutionGuid = {E69E9CE3-2F67-44F8-8902-7D45F27FDB53}
	EndGlobalSection
EndGlobal
