
Microsoft Visual Studio Solution File, Format Version 12.00
# Visual Studio Version 16
VisualStudioVersion = 16.0.30804.86
MinimumVisualStudioVersion = 10.0.40219.1
Project("{9A19103F-16F7-4668-BE54-9A1E7A4F7556}") = "HastadAttack", "HastadAttack\HastadAttack.csproj", "{C4C2F24F-145E-42B9-BC6B-EF4B26D9DBED}"
EndProject
Project("{9A19103F-16F7-4668-BE54-9A1E7A4F7556}") = "HastadAttackConsoleApp", "HastadAttackConsoleApp\HastadAttackConsoleApp.csproj", "{1AF1D67F-D593-40BF-8D48-55FF6C856710}"
EndProject
Project("{FAE04EC0-301F-11D3-BF4B-00C04F79EFBC}") = "HastadAttackTests", "HastadAttackTests\HastadAttackTests.csproj", "{61CB7C7F-1BAF-4E86-B8FA-8D6D0C2C6A4C}"
EndProject
Global
	GlobalSection(SolutionConfigurationPlatforms) = preSolution
		Debug|Any CPU = Debug|Any CPU
		Release|Any CPU = Release|Any CPU
	EndGlobalSection
	GlobalSection(ProjectConfigurationPlatforms) = postSolution
		{C4C2F24F-145E-42B9-BC6B-EF4B26D9DBED}.Debug|Any CPU.ActiveCfg = Debug|Any CPU
		{C4C2F24F-145E-42B9-BC6B-EF4B26D9DBED}.Debug|Any CPU.Build.0 = Debug|Any CPU
		{C4C2F24F-145E-42B9-BC6B-EF4B26D9DBED}.Release|Any CPU.ActiveCfg = Release|Any CPU
		{C4C2F24F-145E-42B9-BC6B-EF4B26D9DBED}.Release|Any CPU.Build.0 = Release|Any CPU
		{1AF1D67F-D593-40BF-8D48-55FF6C856710}.Debug|Any CPU.ActiveCfg = Debug|Any CPU
		{1AF1D67F-D593-40BF-8D48-55FF6C856710}.Debug|Any CPU.Build.0 = Debug|Any CPU
		{1AF1D67F-D593-40BF-8D48-55FF6C856710}.Release|Any CPU.ActiveCfg = Release|Any CPU
		{1AF1D67F-D593-40BF-8D48-55FF6C856710}.Release|Any CPU.Build.0 = Release|Any CPU
		{61CB7C7F-1BAF-4E86-B8FA-8D6D0C2C6A4C}.Debug|Any CPU.ActiveCfg = Debug|Any CPU
		{61CB7C7F-1BAF-4E86-B8FA-8D6D0C2C6A4C}.Debug|Any CPU.Build.0 = Debug|Any CPU
		{61CB7C7F-1BAF-4E86-B8FA-8D6D0C2C6A4C}.Release|Any CPU.ActiveCfg = Release|Any CPU
		{61CB7C7F-1BAF-4E86-B8FA-8D6D0C2C6A4C}.Release|Any CPU.Build.0 = Release|Any CPU
	EndGlobalSection
	GlobalSection(SolutionProperties) = preSolution
		HideSolutionNode = FALSE
	EndGlobalSection
	GlobalSection(ExtensibilityGlobals) = postSolution
		SolutionGuid = {E69E9CE3-2F67-44F8-8902-7D45F27FDB53}
	EndGlobalSection
EndGlobal
